// !$*UTF8*$!
{
	archiveVersion = 1;
	classes = {
	};
	objectVersion = 46;
	objects = {

/* Begin PBXBuildFile section */
		C0F1C6D41C7715240002163D /* main.m in Sources */ = {isa = PBXBuildFile; fileRef = C0F1C6D31C7715240002163D /* main.m */; };
		C0F1C6D71C7715240002163D /* AppDelegate.m in Sources */ = {isa = PBXBuildFile; fileRef = C0F1C6D61C7715240002163D /* AppDelegate.m */; };
		C0F1C6DA1C7715240002163D /* ViewController.m in Sources */ = {isa = PBXBuildFile; fileRef = C0F1C6D91C7715240002163D /* ViewController.m */; };
		C0F1C6DD1C7715240002163D /* Main.storyboard in Resources */ = {isa = PBXBuildFile; fileRef = C0F1C6DB1C7715240002163D /* Main.storyboard */; };
		C0F1C6DF1C7715240002163D /* Assets.xcassets in Resources */ = {isa = PBXBuildFile; fileRef = C0F1C6DE1C7715240002163D /* Assets.xcassets */; };
		C0F1C6E21C7715240002163D /* LaunchScreen.storyboard in Resources */ = {isa = PBXBuildFile; fileRef = C0F1C6E01C7715240002163D /* LaunchScreen.storyboard */; };
		C0F1C6ED1C7715240002163D /* EaseTalkTests.m in Sources */ = {isa = PBXBuildFile; fileRef = C0F1C6EC1C7715240002163D /* EaseTalkTests.m */; };
		C0F1C6F81C7715240002163D /* EaseTalkUITests.m in Sources */ = {isa = PBXBuildFile; fileRef = C0F1C6F71C7715240002163D /* EaseTalkUITests.m */; };
		C0F1C7121C7716300002163D /* EaseTalkViewController.m in Sources */ = {isa = PBXBuildFile; fileRef = C0F1C7081C7716300002163D /* EaseTalkViewController.m */; };
		C0F1C7131C7716300002163D /* ETMapViewController.m in Sources */ = {isa = PBXBuildFile; fileRef = C0F1C70B1C7716300002163D /* ETMapViewController.m */; };
		C0F1C7141C7716300002163D /* ETPayViewController.m in Sources */ = {isa = PBXBuildFile; fileRef = C0F1C70E1C7716300002163D /* ETPayViewController.m */; };
		C0F1C7151C7716300002163D /* ProfileViewController.m in Sources */ = {isa = PBXBuildFile; fileRef = C0F1C7111C7716300002163D /* ProfileViewController.m */; };
		C0F1C71B1C77165A0002163D /* ETNavigationController.m in Sources */ = {isa = PBXBuildFile; fileRef = C0F1C7171C77165A0002163D /* ETNavigationController.m */; };
		C0F1C71C1C77165A0002163D /* ETTabBarController.m in Sources */ = {isa = PBXBuildFile; fileRef = C0F1C7191C77165A0002163D /* ETTabBarController.m */; };
/* End PBXBuildFile section */

/* Begin PBXContainerItemProxy section */
		C0F1C6E91C7715240002163D /* PBXContainerItemProxy */ = {
			isa = PBXContainerItemProxy;
			containerPortal = C0F1C6C71C7715240002163D /* Project object */;
			proxyType = 1;
			remoteGlobalIDString = C0F1C6CE1C7715240002163D;
			remoteInfo = EaseTalk;
		};
		C0F1C6F41C7715240002163D /* PBXContainerItemProxy */ = {
			isa = PBXContainerItemProxy;
			containerPortal = C0F1C6C71C7715240002163D /* Project object */;
			proxyType = 1;
			remoteGlobalIDString = C0F1C6CE1C7715240002163D;
			remoteInfo = EaseTalk;
		};
/* End PBXContainerItemProxy section */

/* Begin PBXFileReference section */
		C0F1C6CF1C7715240002163D /* EaseTalk.app */ = {isa = PBXFileReference; explicitFileType = wrapper.application; includeInIndex = 0; path = EaseTalk.app; sourceTree = BUILT_PRODUCTS_DIR; };
		C0F1C6D31C7715240002163D /* main.m */ = {isa = PBXFileReference; lastKnownFileType = sourcecode.c.objc; path = main.m; sourceTree = "<group>"; };
		C0F1C6D51C7715240002163D /* AppDelegate.h */ = {isa = PBXFileReference; lastKnownFileType = sourcecode.c.h; path = AppDelegate.h; sourceTree = "<group>"; };
		C0F1C6D61C7715240002163D /* AppDelegate.m */ = {isa = PBXFileReference; lastKnownFileType = sourcecode.c.objc; path = AppDelegate.m; sourceTree = "<group>"; };
		C0F1C6D81C7715240002163D /* ViewController.h */ = {isa = PBXFileReference; lastKnownFileType = sourcecode.c.h; path = ViewController.h; sourceTree = "<group>"; };
		C0F1C6D91C7715240002163D /* ViewController.m */ = {isa = PBXFileReference; lastKnownFileType = sourcecode.c.objc; path = ViewController.m; sourceTree = "<group>"; };
		C0F1C6DC1C7715240002163D /* Base */ = {isa = PBXFileReference; lastKnownFileType = file.storyboard; name = Base; path = Base.lproj/Main.storyboard; sourceTree = "<group>"; };
		C0F1C6DE1C7715240002163D /* Assets.xcassets */ = {isa = PBXFileReference; lastKnownFileType = folder.assetcatalog; path = Assets.xcassets; sourceTree = "<group>"; };
		C0F1C6E11C7715240002163D /* Base */ = {isa = PBXFileReference; lastKnownFileType = file.storyboard; name = Base; path = Base.lproj/LaunchScreen.storyboard; sourceTree = "<group>"; };
		C0F1C6E31C7715240002163D /* Info.plist */ = {isa = PBXFileReference; lastKnownFileType = text.plist.xml; path = Info.plist; sourceTree = "<group>"; };
		C0F1C6E81C7715240002163D /* EaseTalkTests.xctest */ = {isa = PBXFileReference; explicitFileType = wrapper.cfbundle; includeInIndex = 0; path = EaseTalkTests.xctest; sourceTree = BUILT_PRODUCTS_DIR; };
		C0F1C6EC1C7715240002163D /* EaseTalkTests.m */ = {isa = PBXFileReference; lastKnownFileType = sourcecode.c.objc; path = EaseTalkTests.m; sourceTree = "<group>"; };
		C0F1C6EE1C7715240002163D /* Info.plist */ = {isa = PBXFileReference; lastKnownFileType = text.plist.xml; path = Info.plist; sourceTree = "<group>"; };
		C0F1C6F31C7715240002163D /* EaseTalkUITests.xctest */ = {isa = PBXFileReference; explicitFileType = wrapper.cfbundle; includeInIndex = 0; path = EaseTalkUITests.xctest; sourceTree = BUILT_PRODUCTS_DIR; };
		C0F1C6F71C7715240002163D /* EaseTalkUITests.m */ = {isa = PBXFileReference; lastKnownFileType = sourcecode.c.objc; path = EaseTalkUITests.m; sourceTree = "<group>"; };
		C0F1C6F91C7715240002163D /* Info.plist */ = {isa = PBXFileReference; lastKnownFileType = text.plist.xml; path = Info.plist; sourceTree = "<group>"; };
		C0F1C7071C7716300002163D /* EaseTalkViewController.h */ = {isa = PBXFileReference; fileEncoding = 4; lastKnownFileType = sourcecode.c.h; path = EaseTalkViewController.h; sourceTree = "<group>"; };
		C0F1C7081C7716300002163D /* EaseTalkViewController.m */ = {isa = PBXFileReference; fileEncoding = 4; lastKnownFileType = sourcecode.c.objc; path = EaseTalkViewController.m; sourceTree = "<group>"; };
		C0F1C70A1C7716300002163D /* ETMapViewController.h */ = {isa = PBXFileReference; fileEncoding = 4; lastKnownFileType = sourcecode.c.h; path = ETMapViewController.h; sourceTree = "<group>"; };
		C0F1C70B1C7716300002163D /* ETMapViewController.m */ = {isa = PBXFileReference; fileEncoding = 4; lastKnownFileType = sourcecode.c.objc; path = ETMapViewController.m; sourceTree = "<group>"; };
		C0F1C70D1C7716300002163D /* ETPayViewController.h */ = {isa = PBXFileReference; fileEncoding = 4; lastKnownFileType = sourcecode.c.h; path = ETPayViewController.h; sourceTree = "<group>"; };
		C0F1C70E1C7716300002163D /* ETPayViewController.m */ = {isa = PBXFileReference; fileEncoding = 4; lastKnownFileType = sourcecode.c.objc; path = ETPayViewController.m; sourceTree = "<group>"; };
		C0F1C7101C7716300002163D /* ProfileViewController.h */ = {isa = PBXFileReference; fileEncoding = 4; lastKnownFileType = sourcecode.c.h; path = ProfileViewController.h; sourceTree = "<group>"; };
		C0F1C7111C7716300002163D /* ProfileViewController.m */ = {isa = PBXFileReference; fileEncoding = 4; lastKnownFileType = sourcecode.c.objc; path = ProfileViewController.m; sourceTree = "<group>"; };
		C0F1C7161C77165A0002163D /* ETNavigationController.h */ = {isa = PBXFileReference; fileEncoding = 4; lastKnownFileType = sourcecode.c.h; path = ETNavigationController.h; sourceTree = "<group>"; };
		C0F1C7171C77165A0002163D /* ETNavigationController.m */ = {isa = PBXFileReference; fileEncoding = 4; lastKnownFileType = sourcecode.c.objc; path = ETNavigationController.m; sourceTree = "<group>"; };
		C0F1C7181C77165A0002163D /* ETTabBarController.h */ = {isa = PBXFileReference; fileEncoding = 4; lastKnownFileType = sourcecode.c.h; path = ETTabBarController.h; sourceTree = "<group>"; };
		C0F1C7191C77165A0002163D /* ETTabBarController.m */ = {isa = PBXFileReference; fileEncoding = 4; lastKnownFileType = sourcecode.c.objc; path = ETTabBarController.m; sourceTree = "<group>"; };
		C0F1C71A1C77165A0002163D /* Head.pch */ = {isa = PBXFileReference; fileEncoding = 4; lastKnownFileType = sourcecode.c.h; path = Head.pch; sourceTree = "<group>"; };
/* End PBXFileReference section */

/* Begin PBXFrameworksBuildPhase section */
		C0F1C6CC1C7715240002163D /* Frameworks */ = {
			isa = PBXFrameworksBuildPhase;
			buildActionMask = 2147483647;
			files = (
			);
			runOnlyForDeploymentPostprocessing = 0;
		};
		C0F1C6E51C7715240002163D /* Frameworks */ = {
			isa = PBXFrameworksBuildPhase;
			buildActionMask = 2147483647;
			files = (
			);
			runOnlyForDeploymentPostprocessing = 0;
		};
		C0F1C6F01C7715240002163D /* Frameworks */ = {
			isa = PBXFrameworksBuildPhase;
			buildActionMask = 2147483647;
			files = (
			);
			runOnlyForDeploymentPostprocessing = 0;
		};
/* End PBXFrameworksBuildPhase section */

/* Begin PBXGroup section */
		C0F1C6C61C7715240002163D = {
			isa = PBXGroup;
			children = (
				C0F1C6D11C7715240002163D /* EaseTalk */,
				C0F1C6EB1C7715240002163D /* EaseTalkTests */,
				C0F1C6F61C7715240002163D /* EaseTalkUITests */,
				C0F1C6D01C7715240002163D /* Products */,
			);
			sourceTree = "<group>";
		};
		C0F1C6D01C7715240002163D /* Products */ = {
			isa = PBXGroup;
			children = (
				C0F1C6CF1C7715240002163D /* EaseTalk.app */,
				C0F1C6E81C7715240002163D /* EaseTalkTests.xctest */,
				C0F1C6F31C7715240002163D /* EaseTalkUITests.xctest */,
			);
			name = Products;
			sourceTree = "<group>";
		};
		C0F1C6D11C7715240002163D /* EaseTalk */ = {
			isa = PBXGroup;
			children = (
				C0F1C6D51C7715240002163D /* AppDelegate.h */,
				C0F1C6D61C7715240002163D /* AppDelegate.m */,
				C0F1C6D81C7715240002163D /* ViewController.h */,
				C0F1C6D91C7715240002163D /* ViewController.m */,
				C0F1C7161C77165A0002163D /* ETNavigationController.h */,
				C0F1C7171C77165A0002163D /* ETNavigationController.m */,
				C0F1C7181C77165A0002163D /* ETTabBarController.h */,
				C0F1C7191C77165A0002163D /* ETTabBarController.m */,
				C0F1C71A1C77165A0002163D /* Head.pch */,
				C0F1C7051C7716300002163D /* Classes */,
				C0F1C6DB1C7715240002163D /* Main.storyboard */,
				C0F1C6DE1C7715240002163D /* Assets.xcassets */,
				C0F1C6E01C7715240002163D /* LaunchScreen.storyboard */,
				C0F1C6E31C7715240002163D /* Info.plist */,
				C0F1C6D21C7715240002163D /* Supporting Files */,
			);
			path = EaseTalk;
			sourceTree = "<group>";
		};
		C0F1C6D21C7715240002163D /* Supporting Files */ = {
			isa = PBXGroup;
			children = (
				C0F1C6D31C7715240002163D /* main.m */,
			);
			name = "Supporting Files";
			sourceTree = "<group>";
		};
		C0F1C6EB1C7715240002163D /* EaseTalkTests */ = {
			isa = PBXGroup;
			children = (
				C0F1C6EC1C7715240002163D /* EaseTalkTests.m */,
				C0F1C6EE1C7715240002163D /* Info.plist */,
			);
			path = EaseTalkTests;
			sourceTree = "<group>";
		};
		C0F1C6F61C7715240002163D /* EaseTalkUITests */ = {
			isa = PBXGroup;
			children = (
				C0F1C6F71C7715240002163D /* EaseTalkUITests.m */,
				C0F1C6F91C7715240002163D /* Info.plist */,
			);
			path = EaseTalkUITests;
			sourceTree = "<group>";
		};
		C0F1C7051C7716300002163D /* Classes */ = {
			isa = PBXGroup;
			children = (
				C0F1C7061C7716300002163D /* EaseTalk */,
				C0F1C7091C7716300002163D /* Map */,
				C0F1C70C1C7716300002163D /* Pay */,
				C0F1C70F1C7716300002163D /* Profile */,
			);
			path = Classes;
			sourceTree = "<group>";
		};
		C0F1C7061C7716300002163D /* EaseTalk */ = {
			isa = PBXGroup;
			children = (
				C0F1C7071C7716300002163D /* EaseTalkViewController.h */,
				C0F1C7081C7716300002163D /* EaseTalkViewController.m */,
			);
			path = EaseTalk;
			sourceTree = "<group>";
		};
		C0F1C7091C7716300002163D /* Map */ = {
			isa = PBXGroup;
			children = (
				C0F1C70A1C7716300002163D /* ETMapViewController.h */,
				C0F1C70B1C7716300002163D /* ETMapViewController.m */,
			);
			path = Map;
			sourceTree = "<group>";
		};
		C0F1C70C1C7716300002163D /* Pay */ = {
			isa = PBXGroup;
			children = (
				C0F1C70D1C7716300002163D /* ETPayViewController.h */,
				C0F1C70E1C7716300002163D /* ETPayViewController.m */,
			);
			path = Pay;
			sourceTree = "<group>";
		};
		C0F1C70F1C7716300002163D /* Profile */ = {
			isa = PBXGroup;
			children = (
				C0F1C7101C7716300002163D /* ProfileViewController.h */,
				C0F1C7111C7716300002163D /* ProfileViewController.m */,
			);
			path = Profile;
			sourceTree = "<group>";
		};
/* End PBXGroup section */

/* Begin PBXNativeTarget section */
		C0F1C6CE1C7715240002163D /* EaseTalk */ = {
			isa = PBXNativeTarget;
			buildConfigurationList = C0F1C6FC1C7715240002163D /* Build configuration list for PBXNativeTarget "EaseTalk" */;
			buildPhases = (
				C0F1C6CB1C7715240002163D /* Sources */,
				C0F1C6CC1C7715240002163D /* Frameworks */,
				C0F1C6CD1C7715240002163D /* Resources */,
			);
			buildRules = (
			);
			dependencies = (
			);
			name = EaseTalk;
			productName = EaseTalk;
			productReference = C0F1C6CF1C7715240002163D /* EaseTalk.app */;
			productType = "com.apple.product-type.application";
		};
		C0F1C6E71C7715240002163D /* EaseTalkTests */ = {
			isa = PBXNativeTarget;
			buildConfigurationList = C0F1C6FF1C7715240002163D /* Build configuration list for PBXNativeTarget "EaseTalkTests" */;
			buildPhases = (
				C0F1C6E41C7715240002163D /* Sources */,
				C0F1C6E51C7715240002163D /* Frameworks */,
				C0F1C6E61C7715240002163D /* Resources */,
			);
			buildRules = (
			);
			dependencies = (
				C0F1C6EA1C7715240002163D /* PBXTargetDependency */,
			);
			name = EaseTalkTests;
			productName = EaseTalkTests;
			productReference = C0F1C6E81C7715240002163D /* EaseTalkTests.xctest */;
			productType = "com.apple.product-type.bundle.unit-test";
		};
		C0F1C6F21C7715240002163D /* EaseTalkUITests */ = {
			isa = PBXNativeTarget;
			buildConfigurationList = C0F1C7021C7715240002163D /* Build configuration list for PBXNativeTarget "EaseTalkUITests" */;
			buildPhases = (
				C0F1C6EF1C7715240002163D /* Sources */,
				C0F1C6F01C7715240002163D /* Frameworks */,
				C0F1C6F11C7715240002163D /* Resources */,
			);
			buildRules = (
			);
			dependencies = (
				C0F1C6F51C7715240002163D /* PBXTargetDependency */,
			);
			name = EaseTalkUITests;
			productName = EaseTalkUITests;
			productReference = C0F1C6F31C7715240002163D /* EaseTalkUITests.xctest */;
			productType = "com.apple.product-type.bundle.ui-testing";
		};
/* End PBXNativeTarget section */

/* Begin PBXProject section */
		C0F1C6C71C7715240002163D /* Project object */ = {
			isa = PBXProject;
			attributes = {
				LastUpgradeCheck = 0720;
				ORGANIZATIONNAME = einsphy;
				TargetAttributes = {
					C0F1C6CE1C7715240002163D = {
						CreatedOnToolsVersion = 7.2.1;
					};
					C0F1C6E71C7715240002163D = {
						CreatedOnToolsVersion = 7.2.1;
						TestTargetID = C0F1C6CE1C7715240002163D;
					};
					C0F1C6F21C7715240002163D = {
						CreatedOnToolsVersion = 7.2.1;
						TestTargetID = C0F1C6CE1C7715240002163D;
					};
				};
			};
			buildConfigurationList = C0F1C6CA1C7715240002163D /* Build configuration list for PBXProject "EaseTalk" */;
			compatibilityVersion = "Xcode 3.2";
			developmentRegion = English;
			hasScannedForEncodings = 0;
			knownRegions = (
				en,
				Base,
			);
			mainGroup = C0F1C6C61C7715240002163D;
			productRefGroup = C0F1C6D01C7715240002163D /* Products */;
			projectDirPath = "";
			projectRoot = "";
			targets = (
				C0F1C6CE1C7715240002163D /* EaseTalk */,
				C0F1C6E71C7715240002163D /* EaseTalkTests */,
				C0F1C6F21C7715240002163D /* EaseTalkUITests */,
			);
		};
/* End PBXProject section */

/* Begin PBXResourcesBuildPhase section */
		C0F1C6CD1C7715240002163D /* Resources */ = {
			isa = PBXResourcesBuildPhase;
			buildActionMask = 2147483647;
			files = (
				C0F1C6E21C7715240002163D /* LaunchScreen.storyboard in Resources */,
				C0F1C6DF1C7715240002163D /* Assets.xcassets in Resources */,
				C0F1C6DD1C7715240002163D /* Main.storyboard in Resources */,
			);
			runOnlyForDeploymentPostprocessing = 0;
		};
		C0F1C6E61C7715240002163D /* Resources */ = {
			isa = PBXResourcesBuildPhase;
			buildActionMask = 2147483647;
			files = (
			);
			runOnlyForDeploymentPostprocessing = 0;
		};
		C0F1C6F11C7715240002163D /* Resources */ = {
			isa = PBXResourcesBuildPhase;
			buildActionMask = 2147483647;
			files = (
			);
			runOnlyForDeploymentPostprocessing = 0;
		};
/* End PBXResourcesBuildPhase section */

/* Begin PBXSourcesBuildPhase section */
		C0F1C6CB1C7715240002163D /* Sources */ = {
			isa = PBXSourcesBuildPhase;
			buildActionMask = 2147483647;
			files = (
				C0F1C71B1C77165A0002163D /* ETNavigationController.m in Sources */,
				C0F1C7121C7716300002163D /* EaseTalkViewController.m in Sources */,
				C0F1C6DA1C7715240002163D /* ViewController.m in Sources */,
				C0F1C6D71C7715240002163D /* AppDelegate.m in Sources */,
				C0F1C7131C7716300002163D /* ETMapViewController.m in Sources */,
				C0F1C7151C7716300002163D /* ProfileViewController.m in Sources */,
				C0F1C7141C7716300002163D /* ETPayViewController.m in Sources */,
				C0F1C71C1C77165A0002163D /* ETTabBarController.m in Sources */,
				C0F1C6D41C7715240002163D /* main.m in Sources */,
			);
			runOnlyForDeploymentPostprocessing = 0;
		};
		C0F1C6E41C7715240002163D /* Sources */ = {
			isa = PBXSourcesBuildPhase;
			buildActionMask = 2147483647;
			files = (
				C0F1C6ED1C7715240002163D /* EaseTalkTests.m in Sources */,
			);
			runOnlyForDeploymentPostprocessing = 0;
		};
		C0F1C6EF1C7715240002163D /* Sources */ = {
			isa = PBXSourcesBuildPhase;
			buildActionMask = 2147483647;
			files = (
				C0F1C6F81C7715240002163D /* EaseTalkUITests.m in Sources */,
			);
			runOnlyForDeploymentPostprocessing = 0;
		};
/* End PBXSourcesBuildPhase section */

/* Begin PBXTargetDependency section */
		C0F1C6EA1C7715240002163D /* PBXTargetDependency */ = {
			isa = PBXTargetDependency;
			target = C0F1C6CE1C7715240002163D /* EaseTalk */;
			targetProxy = C0F1C6E91C7715240002163D /* PBXContainerItemProxy */;
		};
		C0F1C6F51C7715240002163D /* PBXTargetDependency */ = {
			isa = PBXTargetDependency;
			target = C0F1C6CE1C7715240002163D /* EaseTalk */;
			targetProxy = C0F1C6F41C7715240002163D /* PBXContainerItemProxy */;
		};
/* End PBXTargetDependency section */

/* Begin PBXVariantGroup section */
		C0F1C6DB1C7715240002163D /* Main.storyboard */ = {
			isa = PBXVariantGroup;
			children = (
				C0F1C6DC1C7715240002163D /* Base */,
			);
			name = Main.storyboard;
			sourceTree = "<group>";
		};
		C0F1C6E01C7715240002163D /* LaunchScreen.storyboard */ = {
			isa = PBXVariantGroup;
			children = (
				C0F1C6E11C7715240002163D /* Base */,
			);
			name = LaunchScreen.storyboard;
			sourceTree = "<group>";
		};
/* End PBXVariantGroup section */

/* Begin XCBuildConfiguration section */
		C0F1C6FA1C7715240002163D /* Debug */ = {
			isa = XCBuildConfiguration;
			buildSettings = {
				ALWAYS_SEARCH_USER_PATHS = NO;
				CLANG_CXX_LANGUAGE_STANDARD = "gnu++0x";
				CLANG_CXX_LIBRARY = "libc++";
				CLANG_ENABLE_MODULES = YES;
				CLANG_ENABLE_OBJC_ARC = YES;
				CLANG_WARN_BOOL_CONVERSION = YES;
				CLANG_WARN_CONSTANT_CONVERSION = YES;
				CLANG_WARN_DIRECT_OBJC_ISA_USAGE = YES_ERROR;
				CLANG_WARN_EMPTY_BODY = YES;
				CLANG_WARN_ENUM_CONVERSION = YES;
				CLANG_WARN_INT_CONVERSION = YES;
				CLANG_WARN_OBJC_ROOT_CLASS = YES_ERROR;
				CLANG_WARN_UNREACHABLE_CODE = YES;
				CLANG_WARN__DUPLICATE_METHOD_MATCH = YES;
				"CODE_SIGN_IDENTITY[sdk=iphoneos*]" = "iPhone Developer";
				COPY_PHASE_STRIP = NO;
				DEBUG_INFORMATION_FORMAT = dwarf;
				ENABLE_STRICT_OBJC_MSGSEND = YES;
				ENABLE_TESTABILITY = YES;
				GCC_C_LANGUAGE_STANDARD = gnu99;
				GCC_DYNAMIC_NO_PIC = NO;
				GCC_NO_COMMON_BLOCKS = YES;
				GCC_OPTIMIZATION_LEVEL = 0;
				GCC_PREPROCESSOR_DEFINITIONS = (
					"DEBUG=1",
					"$(inherited)",
				);
				GCC_WARN_64_TO_32_BIT_CONVERSION = YES;
				GCC_WARN_ABOUT_RETURN_TYPE = YES_ERROR;
				GCC_WARN_UNDECLARED_SELECTOR = YES;
				GCC_WARN_UNINITIALIZED_AUTOS = YES_AGGRESSIVE;
				GCC_WARN_UNUSED_FUNCTION = YES;
				GCC_WARN_UNUSED_VARIABLE = YES;
				IPHONEOS_DEPLOYMENT_TARGET = 9.2;
				MTL_ENABLE_DEBUG_INFO = YES;
				ONLY_ACTIVE_ARCH = YES;
				SDKROOT = iphoneos;
			};
			name = Debug;
		};
		C0F1C6FB1C7715240002163D /* Release */ = {
			isa = XCBuildConfiguration;
			buildSettings = {
				ALWAYS_SEARCH_USER_PATHS = NO;
				CLANG_CXX_LANGUAGE_STANDARD = "gnu++0x";
				CLANG_CXX_LIBRARY = "libc++";
				CLANG_ENABLE_MODULES = YES;
				CLANG_ENABLE_OBJC_ARC = YES;
				CLANG_WARN_BOOL_CONVERSION = YES;
				CLANG_WARN_CONSTANT_CONVERSION = YES;
				CLANG_WARN_DIRECT_OBJC_ISA_USAGE = YES_ERROR;
				CLANG_WARN_EMPTY_BODY = YES;
				CLANG_WARN_ENUM_CONVERSION = YES;
				CLANG_WARN_INT_CONVERSION = YES;
				CLANG_WARN_OBJC_ROOT_CLASS = YES_ERROR;
				CLANG_WARN_UNREACHABLE_CODE = YES;
				CLANG_WARN__DUPLICATE_METHOD_MATCH = YES;
				"CODE_SIGN_IDENTITY[sdk=iphoneos*]" = "iPhone Developer";
				COPY_PHASE_STRIP = NO;
				DEBUG_INFORMATION_FORMAT = "dwarf-with-dsym";
				ENABLE_NS_ASSERTIONS = NO;
				ENABLE_STRICT_OBJC_MSGSEND = YES;
				GCC_C_LANGUAGE_STANDARD = gnu99;
				GCC_NO_COMMON_BLOCKS = YES;
				GCC_WARN_64_TO_32_BIT_CONVERSION = YES;
				GCC_WARN_ABOUT_RETURN_TYPE = YES_ERROR;
				GCC_WARN_UNDECLARED_SELECTOR = YES;
				GCC_WARN_UNINITIALIZED_AUTOS = YES_AGGRESSIVE;
				GCC_WARN_UNUSED_FUNCTION = YES;
				GCC_WARN_UNUSED_VARIABLE = YES;
				IPHONEOS_DEPLOYMENT_TARGET = 9.2;
				MTL_ENABLE_DEBUG_INFO = NO;
				SDKROOT = iphoneos;
				VALIDATE_PRODUCT = YES;
			};
			name = Release;
		};
		C0F1C6FD1C7715240002163D /* Debug */ = {
			isa = XCBuildConfiguration;
			buildSettings = {
				ASSETCATALOG_COMPILER_APPICON_NAME = AppIcon;
				INFOPLIST_FILE = EaseTalk/Info.plist;
				LD_RUNPATH_SEARCH_PATHS = "$(inherited) @executable_path/Frameworks";
				PRODUCT_BUNDLE_IDENTIFIER = WB.EaseTalk;
				PRODUCT_NAME = "$(TARGET_NAME)";
			};
			name = Debug;
		};
		C0F1C6FE1C7715240002163D /* Release */ = {
			isa = XCBuildConfiguration;
			buildSettings = {
				ASSETCATALOG_COMPILER_APPICON_NAME = AppIcon;
				INFOPLIST_FILE = EaseTalk/Info.plist;
				LD_RUNPATH_SEARCH_PATHS = "$(inherited) @executable_path/Frameworks";
				PRODUCT_BUNDLE_IDENTIFIER = WB.EaseTalk;
				PRODUCT_NAME = "$(TARGET_NAME)";
			};
			name = Release;
		};
		C0F1C7001C7715240002163D /* Debug */ = {
			isa = XCBuildConfiguration;
			buildSettings = {
				BUNDLE_LOADER = "$(TEST_HOST)";
				INFOPLIST_FILE = EaseTalkTests/Info.plist;
				LD_RUNPATH_SEARCH_PATHS = "$(inherited) @executable_path/Frameworks @loader_path/Frameworks";
				PRODUCT_BUNDLE_IDENTIFIER = WB.EaseTalkTests;
				PRODUCT_NAME = "$(TARGET_NAME)";
				TEST_HOST = "$(BUILT_PRODUCTS_DIR)/EaseTalk.app/EaseTalk";
			};
			name = Debug;
		};
		C0F1C7011C7715240002163D /* Release */ = {
			isa = XCBuildConfiguration;
			buildSettings = {
				BUNDLE_LOADER = "$(TEST_HOST)";
				INFOPLIST_FILE = EaseTalkTests/Info.plist;
				LD_RUNPATH_SEARCH_PATHS = "$(inherited) @executable_path/Frameworks @loader_path/Frameworks";
				PRODUCT_BUNDLE_IDENTIFIER = WB.EaseTalkTests;
				PRODUCT_NAME = "$(TARGET_NAME)";
				TEST_HOST = "$(BUILT_PRODUCTS_DIR)/EaseTalk.app/EaseTalk";
			};
			name = Release;
		};
		C0F1C7031C7715240002163D /* Debug */ = {
			isa = XCBuildConfiguration;
			buildSettings = {
				INFOPLIST_FILE = EaseTalkUITests/Info.plist;
				LD_RUNPATH_SEARCH_PATHS = "$(inherited) @executable_path/Frameworks @loader_path/Frameworks";
				PRODUCT_BUNDLE_IDENTIFIER = WB.EaseTalkUITests;
				PRODUCT_NAME = "$(TARGET_NAME)";
				TEST_TARGET_NAME = EaseTalk;
				USES_XCTRUNNER = YES;
			};
			name = Debug;
		};
		C0F1C7041C7715240002163D /* Release */ = {
			isa = XCBuildConfiguration;
			buildSettings = {
				INFOPLIST_FILE = EaseTalkUITests/Info.plist;
				LD_RUNPATH_SEARCH_PATHS = "$(inherited) @executable_path/Frameworks @loader_path/Frameworks";
				PRODUCT_BUNDLE_IDENTIFIER = WB.EaseTalkUITests;
				PRODUCT_NAME = "$(TARGET_NAME)";
				TEST_TARGET_NAME = EaseTalk;
				USES_XCTRUNNER = YES;
			};
			name = Release;
		};
/* End XCBuildConfiguration section */

/* Begin XCConfigurationList section */
		C0F1C6CA1C7715240002163D /* Build configuration list for PBXProject "EaseTalk" */ = {
			isa = XCConfigurationList;
			buildConfigurations = (
				C0F1C6FA1C7715240002163D /* Debug */,
				C0F1C6FB1C7715240002163D /* Release */,
			);
			defaultConfigurationIsVisible = 0;
			defaultConfigurationName = Release;
		};
		C0F1C6FC1C7715240002163D /* Build configuration list for PBXNativeTarget "EaseTalk" */ = {
			isa = XCConfigurationList;
			buildConfigurations = (
				C0F1C6FD1C7715240002163D /* Debug */,
				C0F1C6FE1C7715240002163D /* Release */,
			);
			defaultConfigurationIsVisible = 0;
		};
		C0F1C6FF1C7715240002163D /* Build configuration list for PBXNativeTarget "EaseTalkTests" */ = {
			isa = XCConfigurationList;
			buildConfigurations = (
				C0F1C7001C7715240002163D /* Debug */,
				C0F1C7011C7715240002163D /* Release */,
			);
			defaultConfigurationIsVisible = 0;
		};
		C0F1C7021C7715240002163D /* Build configuration list for PBXNativeTarget "EaseTalkUITests" */ = {
			isa = XCConfigurationList;
			buildConfigurations = (
				C0F1C7031C7715240002163D /* Debug */,
				C0F1C7041C7715240002163D /* Release */,
			);
			defaultConfigurationIsVisible = 0;
		};
/* End XCConfigurationList section */
	};
	rootObject = C0F1C6C71C7715240002163D /* Project object */;
}
